
Microsoft Visual Studio Solution File, Format Version 12.00
# Visual Studio Version 17
VisualStudioVersion = 17.14.36811.4 d17.14
MinimumVisualStudioVersion = 10.0.40219.1
Project("{FAE04EC0-301F-11D3-BF4B-00C04F79EFBC}") = "DoAn_LTWindows", "DoAn_LTWindows\DoAn_LTWindows.csproj", "{7F2F3688-9078-45A8-A875-A13DEF0BF6F5}"
EndProject
Global
	GlobalSection(SolutionConfigurationPlatforms) = preSolution
		Debug|Any CPU = Debug|Any CPU
		Release|Any CPU = Release|Any CPU
	EndGlobalSection
	GlobalSection(ProjectConfigurationPlatforms) = postSolution
		{7F2F3688-9078-45A8-A875-A13DEF0BF6F5}.Debug|Any CPU.ActiveCfg = Debug|Any CPU
		{7F2F3688-9078-45A8-A875-A13DEF0BF6F5}.Debug|Any CPU.Build.0 = Debug|Any CPU
		{7F2F3688-9078-45A8-A875-A13DEF0BF6F5}.Release|Any CPU.ActiveCfg = Release|Any CPU
		{7F2F3688-9078-45A8-A875-A13DEF0BF6F5}.Release|Any CPU.Build.0 = Release|Any CPU
	EndGlobalSection
	GlobalSection(SolutionProperties) = preSolution
		HideSolutionNode = FALSE
	EndGlobalSection
	GlobalSection(ExtensibilityGlobals) = postSolution
		SolutionGuid = {15D2AA2B-91A4-4D7B-B693-F7827C54F7FF}
	EndGlobalSection
EndGlobal
